{
  "name": "mbgsec",
  "version": "1.0.0",
  "lockfileVersion": 3,
  "requires": true,
  "packages": {
    "": {
      "name": "mbgsec",
      "version": "1.0.0",
      "license": "ISC",
      "dependencies": {
        "@playwright/mcp": "^0.0.37"
      }
    },
    "node_modules/@playwright/mcp": {
      "version": "0.0.37",
      "resolved": "https://registry.npmjs.org/@playwright/mcp/-/mcp-0.0.37.tgz",
      "integrity": "sha512-BnI2Ijim1rhIGhoFKJRCa+MaWtNr7M2lnLeDldDsR0n+ZB2G7zjt+MAMqy5eRD/mMiWsTaQsXlzZmXeixqBdsA==",
      "license": "Apache-2.0",
      "dependencies": {
        "playwright": "1.56.0-alpha-2025-09-06",
        "playwright-core": "1.56.0-alpha-2025-09-06"
      },
      "bin": {
        "mcp-server-playwright": "cli.js"
      },
      "engines": {
        "node": ">=18"
      }
    },
    "node_modules/fsevents": {
      "version": "2.3.2",
      "resolved": "https://registry.npmjs.org/fsevents/-/fsevents-2.3.2.tgz",
      "integrity": "sha512-xiqMQR4xAeHTuB9uWm+fFRcIOgKBMiOBP+eXiyT7jsgVCq1bkVygt00oASowB7EdtpOHaaPgKt812P9ab+DDKA==",
      "hasInstallScript": true,
      "license": "MIT",
      "optional": true,
      "os": [
        "darwin"
      ],
      "engines": {
        "node": "^8.16.0 || ^10.6.0 || >=11.0.0"
      }
    },
    "node_modules/playwright": {
      "version": "1.56.0-alpha-2025-09-06",
      "resolved": "https://registry.npmjs.org/playwright/-/playwright-1.56.0-alpha-2025-09-06.tgz",
      "integrity": "sha512-suVjiF5eeUtIqFq5E/5LGgkV0/bRSik87N+M7uLsjPQrKln9QHbZt3cy7Zybicj3ZqTBWWHvpN9b4cnpg6hS0g==",
      "license": "Apache-2.0",
      "dependencies": {
        "playwright-core": "1.56.0-alpha-2025-09-06"
      },
      "bin": {
        "playwright": "cli.js"
      },
      "engines": {
        "node": ">=18"
      },
      "optionalDependencies": {
        "fsevents": "2.3.2"
      }
    },
    "node_modules/playwright-core": {
      "version": "1.56.0-alpha-2025-09-06",
      "resolved": "https://registry.npmjs.org/playwright-core/-/playwright-core-1.56.0-alpha-2025-09-06.tgz",
      "integrity": "sha512-B2s/cuqYuu+mT4hIHG8gIOXjCSKh0Np1gJNCp0CrDk/UTLB74gThwXiyPAJU0fADIQH6Dv1glv8ZvKTDVT8Fng==",
      "license": "Apache-2.0",
      "bin": {
        "playwright-core": "cli.js"
      },
      "engines": {
        "node": ">=18"
      }
    }
  }
}
