{
  "name": "mbgsec",
  "version": "1.0.0",
  "lockfileVersion": 3,
  "requires": true,
  "packages": {
    "": {
      "name": "mbgsec",
      "version": "1.0.0",
      "license": "ISC",
      "dependencies": {
        "@playwright/mcp": "^0.0.40"
      }
    },
    "node_modules/@playwright/mcp": {
      "version": "0.0.40",
      "resolved": "https://registry.npmjs.org/@playwright/mcp/-/mcp-0.0.40.tgz",
      "integrity": "sha512-gkaE0enMiRLKU3UdVZP2vUn9/rkLT01susE4XY7K10Wpl9vgOXeDCoTNwA2z82D8S2MX31lHx+uveEU4nHF3yw==",
      "license": "Apache-2.0",
      "dependencies": {
        "playwright": "1.56.0-alpha-1758750661000",
        "playwright-core": "1.56.0-alpha-1758750661000"
      },
      "bin": {
        "mcp-server-playwright": "cli.js"
      },
      "engines": {
        "node": ">=18"
      }
    },
    "node_modules/fsevents": {
      "version": "2.3.2",
      "resolved": "https://registry.npmjs.org/fsevents/-/fsevents-2.3.2.tgz",
      "integrity": "sha512-xiqMQR4xAeHTuB9uWm+fFRcIOgKBMiOBP+eXiyT7jsgVCq1bkVygt00oASowB7EdtpOHaaPgKt812P9ab+DDKA==",
      "hasInstallScript": true,
      "license": "MIT",
      "optional": true,
      "os": [
        "darwin"
      ],
      "engines": {
        "node": "^8.16.0 || ^10.6.0 || >=11.0.0"
      }
    },
    "node_modules/playwright": {
      "version": "1.56.0-alpha-1758750661000",
      "resolved": "https://registry.npmjs.org/playwright/-/playwright-1.56.0-alpha-1758750661000.tgz",
      "integrity": "sha512-15C/m7NPpAmBX2MFMrepCMj18ksBYvhbT90cvFjG2iBs2YPqO2U4f9OjcX207ITSmDAAJ8pWBlJutcZUYUERXg==",
      "license": "Apache-2.0",
      "dependencies": {
        "playwright-core": "1.56.0-alpha-1758750661000"
      },
      "bin": {
        "playwright": "cli.js"
      },
      "engines": {
        "node": ">=18"
      },
      "optionalDependencies": {
        "fsevents": "2.3.2"
      }
    },
    "node_modules/playwright-core": {
      "version": "1.56.0-alpha-1758750661000",
      "resolved": "https://registry.npmjs.org/playwright-core/-/playwright-core-1.56.0-alpha-1758750661000.tgz",
      "integrity": "sha512-ivP4xjc6EHkUqF80pMFfDRijKLEvO64qC6DTgyYrbsyCo8gugkqwKm6lFWn4W47g4S8juoUwQhlRVjM2BJ+ruA==",
      "license": "Apache-2.0",
      "bin": {
        "playwright-core": "cli.js"
      },
      "engines": {
        "node": ">=18"
      }
    }
  }
}
